
Microsoft Visual Studio Solution File, Format Version 12.00
# Visual Studio Version 16
VisualStudioVersion = 16.0.31005.135
MinimumVisualStudioVersion = 10.0.40219.1
Project("{FAE04EC0-301F-11D3-BF4B-00C04F79EFBC}") = "NeuralNetworks", "NeuralNetworks.csproj", "{7ED41288-8180-429C-B7F8-B6D9E0D63750}"
EndProject
Project("{FAE04EC0-301F-11D3-BF4B-00C04F79EFBC}") = "NeuralNetworksTests", "..\NeuralNetworksTests\NeuralNetworksTests.csproj", "{A0457922-464E-46A0-BC3D-047DEC248389}"
EndProject
Global
	GlobalSection(SolutionConfigurationPlatforms) = preSolution
		Debug|Any CPU = Debug|Any CPU
		Release|Any CPU = Release|Any CPU
	EndGlobalSection
	GlobalSection(ProjectConfigurationPlatforms) = postSolution
		{7ED41288-8180-429C-B7F8-B6D9E0D63750}.Debug|Any CPU.ActiveCfg = Debug|Any CPU
		{7ED41288-8180-429C-B7F8-B6D9E0D63750}.Debug|Any CPU.Build.0 = Debug|Any CPU
		{7ED41288-8180-429C-B7F8-B6D9E0D63750}.Release|Any CPU.ActiveCfg = Release|Any CPU
		{7ED41288-8180-429C-B7F8-B6D9E0D63750}.Release|Any CPU.Build.0 = Release|Any CPU
		{A0457922-464E-46A0-BC3D-047DEC248389}.Debug|Any CPU.ActiveCfg = Debug|Any CPU
		{A0457922-464E-46A0-BC3D-047DEC248389}.Debug|Any CPU.Build.0 = Debug|Any CPU
		{A0457922-464E-46A0-BC3D-047DEC248389}.Release|Any CPU.ActiveCfg = Release|Any CPU
		{A0457922-464E-46A0-BC3D-047DEC248389}.Release|Any CPU.Build.0 = Release|Any CPU
	EndGlobalSection
	GlobalSection(SolutionProperties) = preSolution
		HideSolutionNode = FALSE
	EndGlobalSection
	GlobalSection(ExtensibilityGlobals) = postSolution
		SolutionGuid = {1D6CC9E8-30CA-4DF5-BAAC-E150ECD6C04B}
	EndGlobalSection
EndGlobal
